
Microsoft Visual Studio Solution File, Format Version 12.00
# Visual Studio Version 16
VisualStudioVersion = 16.0.31005.135
MinimumVisualStudioVersion = 10.0.40219.1
Project("{FAE04EC0-301F-11D3-BF4B-00C04F79EFBC}") = "FluentApi.Web", "FluentApi.Web\FluentApi.Web.csproj", "{4AE9EC73-7832-4491-8F2C-B86AE5CF3975}"
EndProject
Global
	GlobalSection(SolutionConfigurationPlatforms) = preSolution
		Debug|Any CPU = Debug|Any CPU
		Release|Any CPU = Release|Any CPU
	EndGlobalSection
	GlobalSection(ProjectConfigurationPlatforms) = postSolution
		{4AE9EC73-7832-4491-8F2C-B86AE5CF3975}.Debug|Any CPU.ActiveCfg = Debug|Any CPU
		{4AE9EC73-7832-4491-8F2C-B86AE5CF3975}.Debug|Any CPU.Build.0 = Debug|Any CPU
		{4AE9EC73-7832-4491-8F2C-B86AE5CF3975}.Release|Any CPU.ActiveCfg = Release|Any CPU
		{4AE9EC73-7832-4491-8F2C-B86AE5CF3975}.Release|Any CPU.Build.0 = Release|Any CPU
	EndGlobalSection
	GlobalSection(SolutionProperties) = preSolution
		HideSolutionNode = FALSE
	EndGlobalSection
	GlobalSection(ExtensibilityGlobals) = postSolution
		SolutionGuid = {03F5C5C4-21FB-4E62-9F80-1A88F788CEF5}
	EndGlobalSection
EndGlobal
