
Microsoft Visual Studio Solution File, Format Version 12.00
# Visual Studio Version 16
VisualStudioVersion = 16.0.31005.135
MinimumVisualStudioVersion = 10.0.40219.1
Project("{9A19103F-16F7-4668-BE54-9A1E7A4F7556}") = "FluentApi.Web", "FluentApi.Web\FluentApi.Web.csproj", "{4AE9EC73-7832-4491-8F2C-B86AE5CF3975}"
EndProject
Project("{9A19103F-16F7-4668-BE54-9A1E7A4F7556}") = "RateLimit.Api", "RateLimit.Api\RateLimit.Api.csproj", "{DDBE10B7-B564-43C5-9FA3-17796FCC7979}"
EndProject
Project("{9A19103F-16F7-4668-BE54-9A1E7A4F7556}") = "SmidgeApp.Web", "SmidgeApp.Web\SmidgeApp.Web.csproj", "{D5CDC0CA-7E97-4DCF-B2F0-BDEC6AB740E8}"
EndProject
Project("{9A19103F-16F7-4668-BE54-9A1E7A4F7556}") = "HangfireApp.Web", "HangfireApp.Web\HangfireApp.Web.csproj", "{83903459-B161-48B5-BEC4-82036CA54007}"
EndProject
Project("{9A19103F-16F7-4668-BE54-9A1E7A4F7556}") = "ErrorHandlingApp.Web", "ErrorHandlingApp.Web\ErrorHandlingApp.Web.csproj", "{F808E2EF-8926-416E-B31B-8DD6601EBBE5}"
EndProject
Project("{FAE04EC0-301F-11D3-BF4B-00C04F79EFBC}") = "EnvironmentApp.Web", "EnvironmentApp.Web\EnvironmentApp.Web.csproj", "{A30344BF-3ED5-4C90-8C7E-EC4562288BF5}"
EndProject
Global
	GlobalSection(SolutionConfigurationPlatforms) = preSolution
		Debug|Any CPU = Debug|Any CPU
		Release|Any CPU = Release|Any CPU
	EndGlobalSection
	GlobalSection(ProjectConfigurationPlatforms) = postSolution
		{4AE9EC73-7832-4491-8F2C-B86AE5CF3975}.Debug|Any CPU.ActiveCfg = Debug|Any CPU
		{4AE9EC73-7832-4491-8F2C-B86AE5CF3975}.Debug|Any CPU.Build.0 = Debug|Any CPU
		{4AE9EC73-7832-4491-8F2C-B86AE5CF3975}.Release|Any CPU.ActiveCfg = Release|Any CPU
		{4AE9EC73-7832-4491-8F2C-B86AE5CF3975}.Release|Any CPU.Build.0 = Release|Any CPU
		{DDBE10B7-B564-43C5-9FA3-17796FCC7979}.Debug|Any CPU.ActiveCfg = Debug|Any CPU
		{DDBE10B7-B564-43C5-9FA3-17796FCC7979}.Debug|Any CPU.Build.0 = Debug|Any CPU
		{DDBE10B7-B564-43C5-9FA3-17796FCC7979}.Release|Any CPU.ActiveCfg = Release|Any CPU
		{DDBE10B7-B564-43C5-9FA3-17796FCC7979}.Release|Any CPU.Build.0 = Release|Any CPU
		{D5CDC0CA-7E97-4DCF-B2F0-BDEC6AB740E8}.Debug|Any CPU.ActiveCfg = Debug|Any CPU
		{D5CDC0CA-7E97-4DCF-B2F0-BDEC6AB740E8}.Debug|Any CPU.Build.0 = Debug|Any CPU
		{D5CDC0CA-7E97-4DCF-B2F0-BDEC6AB740E8}.Release|Any CPU.ActiveCfg = Release|Any CPU
		{D5CDC0CA-7E97-4DCF-B2F0-BDEC6AB740E8}.Release|Any CPU.Build.0 = Release|Any CPU
		{83903459-B161-48B5-BEC4-82036CA54007}.Debug|Any CPU.ActiveCfg = Debug|Any CPU
		{83903459-B161-48B5-BEC4-82036CA54007}.Debug|Any CPU.Build.0 = Debug|Any CPU
		{83903459-B161-48B5-BEC4-82036CA54007}.Release|Any CPU.ActiveCfg = Release|Any CPU
		{83903459-B161-48B5-BEC4-82036CA54007}.Release|Any CPU.Build.0 = Release|Any CPU
		{F808E2EF-8926-416E-B31B-8DD6601EBBE5}.Debug|Any CPU.ActiveCfg = Debug|Any CPU
		{F808E2EF-8926-416E-B31B-8DD6601EBBE5}.Debug|Any CPU.Build.0 = Debug|Any CPU
		{F808E2EF-8926-416E-B31B-8DD6601EBBE5}.Release|Any CPU.ActiveCfg = Release|Any CPU
		{F808E2EF-8926-416E-B31B-8DD6601EBBE5}.Release|Any CPU.Build.0 = Release|Any CPU
		{A30344BF-3ED5-4C90-8C7E-EC4562288BF5}.Debug|Any CPU.ActiveCfg = Debug|Any CPU
		{A30344BF-3ED5-4C90-8C7E-EC4562288BF5}.Debug|Any CPU.Build.0 = Debug|Any CPU
		{A30344BF-3ED5-4C90-8C7E-EC4562288BF5}.Release|Any CPU.ActiveCfg = Release|Any CPU
		{A30344BF-3ED5-4C90-8C7E-EC4562288BF5}.Release|Any CPU.Build.0 = Release|Any CPU
	EndGlobalSection
	GlobalSection(SolutionProperties) = preSolution
		HideSolutionNode = FALSE
	EndGlobalSection
	GlobalSection(ExtensibilityGlobals) = postSolution
		SolutionGuid = {03F5C5C4-21FB-4E62-9F80-1A88F788CEF5}
	EndGlobalSection
EndGlobal
